
Microsoft Visual Studio Solution File, Format Version 12.00
# Visual Studio Version 17
VisualStudioVersion = 17.0.31919.166
MinimumVisualStudioVersion = 10.0.40219.1
Project("{FAE04EC0-301F-11D3-BF4B-00C04F79EFBC}") = "SchoolBase54", "SchoolBase54\SchoolBase54.csproj", "{652E1689-3C2D-4FFC-993E-AF0CAB6E66C1}"
EndProject
Global
	GlobalSection(SolutionConfigurationPlatforms) = preSolution
		Debug|Any CPU = Debug|Any CPU
		Release|Any CPU = Release|Any CPU
	EndGlobalSection
	GlobalSection(ProjectConfigurationPlatforms) = postSolution
		{652E1689-3C2D-4FFC-993E-AF0CAB6E66C1}.Debug|Any CPU.ActiveCfg = Debug|Any CPU
		{652E1689-3C2D-4FFC-993E-AF0CAB6E66C1}.Debug|Any CPU.Build.0 = Debug|Any CPU
		{652E1689-3C2D-4FFC-993E-AF0CAB6E66C1}.Release|Any CPU.ActiveCfg = Release|Any CPU
		{652E1689-3C2D-4FFC-993E-AF0CAB6E66C1}.Release|Any CPU.Build.0 = Release|Any CPU
	EndGlobalSection
	GlobalSection(SolutionProperties) = preSolution
		HideSolutionNode = FALSE
	EndGlobalSection
	GlobalSection(ExtensibilityGlobals) = postSolution
		SolutionGuid = {18A939AF-23FD-4F65-8EF6-57E7DAF95238}
	EndGlobalSection
EndGlobal
